
Microsoft Visual Studio Solution File, Format Version 11.00
# Visual Studio 2010
Project("{FAE04EC0-301F-11D3-BF4B-00C04F79EFBC}") = "01 - View the Cube", "Assembly-CSharp.csproj", "{BF46C11A-FE92-81B7-DD16-E34B94C30819}"
EndProject
Global
	GlobalSection(SolutionConfigurationPlatforms) = preSolution
		Debug|Any CPU = Debug|Any CPU
		Release|Any CPU = Release|Any CPU
	EndGlobalSection
	GlobalSection(ProjectConfigurationPlatforms) = postSolution
		{BF46C11A-FE92-81B7-DD16-E34B94C30819}.Debug|Any CPU.ActiveCfg = Debug|Any CPU
		{BF46C11A-FE92-81B7-DD16-E34B94C30819}.Debug|Any CPU.Build.0 = Debug|Any CPU
		{BF46C11A-FE92-81B7-DD16-E34B94C30819}.Release|Any CPU.ActiveCfg = Release|Any CPU
		{BF46C11A-FE92-81B7-DD16-E34B94C30819}.Release|Any CPU.Build.0 = Release|Any CPU
	EndGlobalSection
	GlobalSection(SolutionProperties) = preSolution
		HideSolutionNode = FALSE
	EndGlobalSection
	GlobalSection(MonoDevelopProperties) = preSolution
		StartupItem = Assembly-CSharp.csproj
	EndGlobalSection
EndGlobal
